// !$*UTF8*$!
{
	archiveVersion = 1;
	classes = {
	};
	objectVersion = 56;
	objects = {

/* Begin PBXBuildFile section */
		1282C838B04E85A5407D6376 /* Pods_SumNote_iOS_SumNote_iOSUITests.framework in Frameworks */ = {isa = PBXBuildFile; fileRef = 1DAFEA5A35CEBEC1B324ECFC /* Pods_SumNote_iOS_SumNote_iOSUITests.framework */; };
		29237D722B2D62C900BE751D /* QuizViewController.swift in Sources */ = {isa = PBXBuildFile; fileRef = 29237D712B2D62C900BE751D /* QuizViewController.swift */; };
		29237D742B2D711100BE751D /* QuizViewDelegate.swift in Sources */ = {isa = PBXBuildFile; fileRef = 29237D732B2D711100BE751D /* QuizViewDelegate.swift */; };
		29237D762B2DDF9D00BE751D /* NoteViewController.swift in Sources */ = {isa = PBXBuildFile; fileRef = 29237D752B2DDF9D00BE751D /* NoteViewController.swift */; };
		29237D782B2DE11700BE751D /* NoteContentsViewController.swift in Sources */ = {isa = PBXBuildFile; fileRef = 29237D772B2DE11700BE751D /* NoteContentsViewController.swift */; };
		293E0C672B3F11D800032033 /* DjangoAPI.swift in Sources */ = {isa = PBXBuildFile; fileRef = 293E0C662B3F11D800032033 /* DjangoAPI.swift */; };
		293E0C692B3F131300032033 /* SpringAPI.swift in Sources */ = {isa = PBXBuildFile; fileRef = 293E0C682B3F131300032033 /* SpringAPI.swift */; };
		294349BD2B07922100C57B49 /* AppDelegate.swift in Sources */ = {isa = PBXBuildFile; fileRef = 294349BC2B07922100C57B49 /* AppDelegate.swift */; };
		294349BF2B07922100C57B49 /* SceneDelegate.swift in Sources */ = {isa = PBXBuildFile; fileRef = 294349BE2B07922100C57B49 /* SceneDelegate.swift */; };
		294349C12B07922100C57B49 /* LoginViewController.swift in Sources */ = {isa = PBXBuildFile; fileRef = 294349C02B07922100C57B49 /* LoginViewController.swift */; };
		294349C42B07922100C57B49 /* Main.storyboard in Resources */ = {isa = PBXBuildFile; fileRef = 294349C22B07922100C57B49 /* Main.storyboard */; };
		294349C62B07922300C57B49 /* Assets.xcassets in Resources */ = {isa = PBXBuildFile; fileRef = 294349C52B07922300C57B49 /* Assets.xcassets */; };
		294349C92B07922300C57B49 /* LaunchScreen.storyboard in Resources */ = {isa = PBXBuildFile; fileRef = 294349C72B07922300C57B49 /* LaunchScreen.storyboard */; };
		294349D42B07922400C57B49 /* SumNote_iOSTests.swift in Sources */ = {isa = PBXBuildFile; fileRef = 294349D32B07922400C57B49 /* SumNote_iOSTests.swift */; };
		294349DE2B07922400C57B49 /* SumNote_iOSUITests.swift in Sources */ = {isa = PBXBuildFile; fileRef = 294349DD2B07922400C57B49 /* SumNote_iOSUITests.swift */; };
		294349E02B07922400C57B49 /* SumNote_iOSUITestsLaunchTests.swift in Sources */ = {isa = PBXBuildFile; fileRef = 294349DF2B07922400C57B49 /* SumNote_iOSUITestsLaunchTests.swift */; };
		294349ED2B0792DF00C57B49 /* KaKaoAPI.swift in Sources */ = {isa = PBXBuildFile; fileRef = 294349EC2B0792DF00C57B49 /* KaKaoAPI.swift */; };
		294349F12B079DDE00C57B49 /* TabBarController.swift in Sources */ = {isa = PBXBuildFile; fileRef = 294349F02B079DDE00C57B49 /* TabBarController.swift */; };
		294349F32B079EEF00C57B49 /* MyNoteViewController.swift in Sources */ = {isa = PBXBuildFile; fileRef = 294349F22B079EEF00C57B49 /* MyNoteViewController.swift */; };
		294349F52B079F2E00C57B49 /* NoteMakerViewController.swift in Sources */ = {isa = PBXBuildFile; fileRef = 294349F42B079F2E00C57B49 /* NoteMakerViewController.swift */; };
		294349F72B079F3700C57B49 /* UserInfoViewController.swift in Sources */ = {isa = PBXBuildFile; fileRef = 294349F62B079F3700C57B49 /* UserInfoViewController.swift */; };
		294349FA2B07AD3E00C57B49 /* MyNoteListCollectionViewCell.swift in Sources */ = {isa = PBXBuildFile; fileRef = 294349F82B07AD3E00C57B49 /* MyNoteListCollectionViewCell.swift */; };
		294349FB2B07AD3E00C57B49 /* MyNoteListCollectionViewCell.xib in Resources */ = {isa = PBXBuildFile; fileRef = 294349F92B07AD3E00C57B49 /* MyNoteListCollectionViewCell.xib */; };
		295F90402B20CAFF00F28446 /* AllQuizViewController.swift in Sources */ = {isa = PBXBuildFile; fileRef = 295F903F2B20CAFF00F28446 /* AllQuizViewController.swift */; };
		295F90432B20CBF000F28446 /* AllQuizTableViewCell.swift in Sources */ = {isa = PBXBuildFile; fileRef = 295F90412B20CBF000F28446 /* AllQuizTableViewCell.swift */; };
		295F90442B20CBF000F28446 /* AllQuizTableViewCell.xib in Resources */ = {isa = PBXBuildFile; fileRef = 295F90422B20CBF000F28446 /* AllQuizTableViewCell.xib */; };
		296A24482B90D440002411D8 /* +UIView.swift in Sources */ = {isa = PBXBuildFile; fileRef = 296A24472B90D440002411D8 /* +UIView.swift */; };
		296FFA5C2B1CB25400DE1D68 /* AllNoteViewController.swift in Sources */ = {isa = PBXBuildFile; fileRef = 296FFA5B2B1CB25400DE1D68 /* AllNoteViewController.swift */; };
		296FFA732B1F136300DE1D68 /* MainTableViewModel.swift in Sources */ = {isa = PBXBuildFile; fileRef = 296FFA722B1F136300DE1D68 /* MainTableViewModel.swift */; };
		296FFA762B2014F000DE1D68 /* NoteTableViewCell.swift in Sources */ = {isa = PBXBuildFile; fileRef = 296FFA742B2014F000DE1D68 /* NoteTableViewCell.swift */; };
		296FFA772B2014F000DE1D68 /* NoteTableViewCell.xib in Resources */ = {isa = PBXBuildFile; fileRef = 296FFA752B2014F000DE1D68 /* NoteTableViewCell.xib */; };
		296FFA7A2B2014FF00DE1D68 /* QuizTableViewCell.swift in Sources */ = {isa = PBXBuildFile; fileRef = 296FFA782B2014FF00DE1D68 /* QuizTableViewCell.swift */; };
		296FFA7B2B2014FF00DE1D68 /* QuizTableViewCell.xib in Resources */ = {isa = PBXBuildFile; fileRef = 296FFA792B2014FF00DE1D68 /* QuizTableViewCell.xib */; };
		296FFA7E2B20392100DE1D68 /* NavigationDelegate.swift in Sources */ = {isa = PBXBuildFile; fileRef = 296FFA7D2B20392100DE1D68 /* NavigationDelegate.swift */; };
		2978599F2BAC18C700A3FA14 /* CreatedNoteViewController.swift in Sources */ = {isa = PBXBuildFile; fileRef = 2978599E2BAC18C700A3FA14 /* CreatedNoteViewController.swift */; };
		2984A8FD2B0F163C009BDF9F /* MyQuizListCollectionViewCell.swift in Sources */ = {isa = PBXBuildFile; fileRef = 2984A8FB2B0F163C009BDF9F /* MyQuizListCollectionViewCell.swift */; };
		2984A8FE2B0F163C009BDF9F /* MyQuizListCollectionViewCell.xib in Resources */ = {isa = PBXBuildFile; fileRef = 2984A8FC2B0F163C009BDF9F /* MyQuizListCollectionViewCell.xib */; };
		29C43BA02B2B4956003D0E3D /* QuizPageViewController.swift in Sources */ = {isa = PBXBuildFile; fileRef = 29C43B9F2B2B4956003D0E3D /* QuizPageViewController.swift */; };
		29C43BA22B2B49D9003D0E3D /* QuizContentsViewController.swift in Sources */ = {isa = PBXBuildFile; fileRef = 29C43BA12B2B49D9003D0E3D /* QuizContentsViewController.swift */; };
		29E54F532B2151CD00E6E4B9 /* AllNoteTableViewCell.swift in Sources */ = {isa = PBXBuildFile; fileRef = 29E54F512B2151CD00E6E4B9 /* AllNoteTableViewCell.swift */; };
		29E54F542B2151CD00E6E4B9 /* AllNoteTableViewCell.xib in Resources */ = {isa = PBXBuildFile; fileRef = 29E54F522B2151CD00E6E4B9 /* AllNoteTableViewCell.xib */; };
		29EFD8842BDA324A0064176A /* UserInfo.swift in Sources */ = {isa = PBXBuildFile; fileRef = 29EFD8832BDA324A0064176A /* UserInfo.swift */; };
		29EFD8862BDA35DA0064176A /* LoginResponse.swift in Sources */ = {isa = PBXBuildFile; fileRef = 29EFD8852BDA35DA0064176A /* LoginResponse.swift */; };
		29F237532B26E6C300EEF3DD /* DeveloperInfoCollectionViewCell.swift in Sources */ = {isa = PBXBuildFile; fileRef = 29F237512B26E6C300EEF3DD /* DeveloperInfoCollectionViewCell.swift */; };
		29F237542B26E6C300EEF3DD /* DeveloperInfoCollectionViewCell.xib in Resources */ = {isa = PBXBuildFile; fileRef = 29F237522B26E6C300EEF3DD /* DeveloperInfoCollectionViewCell.xib */; };
		29F818002B26F2950002E3C8 /* TitleCollectionViewCell.swift in Sources */ = {isa = PBXBuildFile; fileRef = 29F817FE2B26F2950002E3C8 /* TitleCollectionViewCell.swift */; };
		29F818012B26F2950002E3C8 /* TitleCollectionViewCell.xib in Resources */ = {isa = PBXBuildFile; fileRef = 29F817FF2B26F2950002E3C8 /* TitleCollectionViewCell.xib */; };
		29F818032B26F67D0002E3C8 /* DeveloperInfo.swift in Sources */ = {isa = PBXBuildFile; fileRef = 29F818022B26F67D0002E3C8 /* DeveloperInfo.swift */; };
		29F818052B2994530002E3C8 /* NotePageViewController.swift in Sources */ = {isa = PBXBuildFile; fileRef = 29F818042B2994530002E3C8 /* NotePageViewController.swift */; };
		6B131C677AE5EC50ED3C0C78 /* Pods_SumNote_iOS.framework in Frameworks */ = {isa = PBXBuildFile; fileRef = ABA17B356FAFB4FAA26769EE /* Pods_SumNote_iOS.framework */; };
		E32A8C0C784668696349B96E /* Pods_SumNote_iOSTests.framework in Frameworks */ = {isa = PBXBuildFile; fileRef = B5E1944F96AACA28D292E1D5 /* Pods_SumNote_iOSTests.framework */; };
/* End PBXBuildFile section */

/* Begin PBXContainerItemProxy section */
		294349D02B07922400C57B49 /* PBXContainerItemProxy */ = {
			isa = PBXContainerItemProxy;
			containerPortal = 294349B12B07922100C57B49 /* Project object */;
			proxyType = 1;
			remoteGlobalIDString = 294349B82B07922100C57B49;
			remoteInfo = "SumNote-iOS";
		};
		294349DA2B07922400C57B49 /* PBXContainerItemProxy */ = {
			isa = PBXContainerItemProxy;
			containerPortal = 294349B12B07922100C57B49 /* Project object */;
			proxyType = 1;
			remoteGlobalIDString = 294349B82B07922100C57B49;
			remoteInfo = "SumNote-iOS";
		};
/* End PBXContainerItemProxy section */

/* Begin PBXFileReference section */
		0B7AA69BC57E5F60F94A9030 /* Pods-SumNote-iOS.release.xcconfig */ = {isa = PBXFileReference; includeInIndex = 1; lastKnownFileType = text.xcconfig; name = "Pods-SumNote-iOS.release.xcconfig"; path = "Target Support Files/Pods-SumNote-iOS/Pods-SumNote-iOS.release.xcconfig"; sourceTree = "<group>"; };
		1DAFEA5A35CEBEC1B324ECFC /* Pods_SumNote_iOS_SumNote_iOSUITests.framework */ = {isa = PBXFileReference; explicitFileType = wrapper.framework; includeInIndex = 0; path = Pods_SumNote_iOS_SumNote_iOSUITests.framework; sourceTree = BUILT_PRODUCTS_DIR; };
		2069261481E287F72556C29C /* Pods-SumNote-iOS-SumNote-iOSUITests.debug.xcconfig */ = {isa = PBXFileReference; includeInIndex = 1; lastKnownFileType = text.xcconfig; name = "Pods-SumNote-iOS-SumNote-iOSUITests.debug.xcconfig"; path = "Target Support Files/Pods-SumNote-iOS-SumNote-iOSUITests/Pods-SumNote-iOS-SumNote-iOSUITests.debug.xcconfig"; sourceTree = "<group>"; };
		29237D712B2D62C900BE751D /* QuizViewController.swift */ = {isa = PBXFileReference; lastKnownFileType = sourcecode.swift; path = QuizViewController.swift; sourceTree = "<group>"; };
		29237D732B2D711100BE751D /* QuizViewDelegate.swift */ = {isa = PBXFileReference; lastKnownFileType = sourcecode.swift; path = QuizViewDelegate.swift; sourceTree = "<group>"; };
		29237D752B2DDF9D00BE751D /* NoteViewController.swift */ = {isa = PBXFileReference; lastKnownFileType = sourcecode.swift; path = NoteViewController.swift; sourceTree = "<group>"; };
		29237D772B2DE11700BE751D /* NoteContentsViewController.swift */ = {isa = PBXFileReference; lastKnownFileType = sourcecode.swift; path = NoteContentsViewController.swift; sourceTree = "<group>"; };
		293E0C662B3F11D800032033 /* DjangoAPI.swift */ = {isa = PBXFileReference; lastKnownFileType = sourcecode.swift; path = DjangoAPI.swift; sourceTree = "<group>"; };
		293E0C682B3F131300032033 /* SpringAPI.swift */ = {isa = PBXFileReference; lastKnownFileType = sourcecode.swift; path = SpringAPI.swift; sourceTree = "<group>"; };
		294349B92B07922100C57B49 /* SumNote-iOS.app */ = {isa = PBXFileReference; explicitFileType = wrapper.application; includeInIndex = 0; path = "SumNote-iOS.app"; sourceTree = BUILT_PRODUCTS_DIR; };
		294349BC2B07922100C57B49 /* AppDelegate.swift */ = {isa = PBXFileReference; lastKnownFileType = sourcecode.swift; path = AppDelegate.swift; sourceTree = "<group>"; };
		294349BE2B07922100C57B49 /* SceneDelegate.swift */ = {isa = PBXFileReference; lastKnownFileType = sourcecode.swift; path = SceneDelegate.swift; sourceTree = "<group>"; };
		294349C02B07922100C57B49 /* LoginViewController.swift */ = {isa = PBXFileReference; lastKnownFileType = sourcecode.swift; path = LoginViewController.swift; sourceTree = "<group>"; };
		294349C32B07922100C57B49 /* Base */ = {isa = PBXFileReference; lastKnownFileType = file.storyboard; name = Base; path = Base.lproj/Main.storyboard; sourceTree = "<group>"; };
		294349C52B07922300C57B49 /* Assets.xcassets */ = {isa = PBXFileReference; lastKnownFileType = folder.assetcatalog; path = Assets.xcassets; sourceTree = "<group>"; };
		294349C82B07922300C57B49 /* Base */ = {isa = PBXFileReference; lastKnownFileType = file.storyboard; name = Base; path = Base.lproj/LaunchScreen.storyboard; sourceTree = "<group>"; };
		294349CA2B07922300C57B49 /* Info.plist */ = {isa = PBXFileReference; lastKnownFileType = text.plist.xml; path = Info.plist; sourceTree = "<group>"; };
		294349CF2B07922400C57B49 /* SumNote-iOSTests.xctest */ = {isa = PBXFileReference; explicitFileType = wrapper.cfbundle; includeInIndex = 0; path = "SumNote-iOSTests.xctest"; sourceTree = BUILT_PRODUCTS_DIR; };
		294349D32B07922400C57B49 /* SumNote_iOSTests.swift */ = {isa = PBXFileReference; lastKnownFileType = sourcecode.swift; path = SumNote_iOSTests.swift; sourceTree = "<group>"; };
		294349D92B07922400C57B49 /* SumNote-iOSUITests.xctest */ = {isa = PBXFileReference; explicitFileType = wrapper.cfbundle; includeInIndex = 0; path = "SumNote-iOSUITests.xctest"; sourceTree = BUILT_PRODUCTS_DIR; };
		294349DD2B07922400C57B49 /* SumNote_iOSUITests.swift */ = {isa = PBXFileReference; lastKnownFileType = sourcecode.swift; path = SumNote_iOSUITests.swift; sourceTree = "<group>"; };
		294349DF2B07922400C57B49 /* SumNote_iOSUITestsLaunchTests.swift */ = {isa = PBXFileReference; lastKnownFileType = sourcecode.swift; path = SumNote_iOSUITestsLaunchTests.swift; sourceTree = "<group>"; };
		294349EC2B0792DF00C57B49 /* KaKaoAPI.swift */ = {isa = PBXFileReference; lastKnownFileType = sourcecode.swift; path = KaKaoAPI.swift; sourceTree = "<group>"; };
		294349F02B079DDE00C57B49 /* TabBarController.swift */ = {isa = PBXFileReference; lastKnownFileType = sourcecode.swift; path = TabBarController.swift; sourceTree = "<group>"; };
		294349F22B079EEF00C57B49 /* MyNoteViewController.swift */ = {isa = PBXFileReference; lastKnownFileType = sourcecode.swift; path = MyNoteViewController.swift; sourceTree = "<group>"; };
		294349F42B079F2E00C57B49 /* NoteMakerViewController.swift */ = {isa = PBXFileReference; lastKnownFileType = sourcecode.swift; path = NoteMakerViewController.swift; sourceTree = "<group>"; };
		294349F62B079F3700C57B49 /* UserInfoViewController.swift */ = {isa = PBXFileReference; lastKnownFileType = sourcecode.swift; path = UserInfoViewController.swift; sourceTree = "<group>"; };
		294349F82B07AD3E00C57B49 /* MyNoteListCollectionViewCell.swift */ = {isa = PBXFileReference; lastKnownFileType = sourcecode.swift; path = MyNoteListCollectionViewCell.swift; sourceTree = "<group>"; };
		294349F92B07AD3E00C57B49 /* MyNoteListCollectionViewCell.xib */ = {isa = PBXFileReference; lastKnownFileType = file.xib; path = MyNoteListCollectionViewCell.xib; sourceTree = "<group>"; };
		295F903F2B20CAFF00F28446 /* AllQuizViewController.swift */ = {isa = PBXFileReference; lastKnownFileType = sourcecode.swift; path = AllQuizViewController.swift; sourceTree = "<group>"; };
		295F90412B20CBF000F28446 /* AllQuizTableViewCell.swift */ = {isa = PBXFileReference; lastKnownFileType = sourcecode.swift; path = AllQuizTableViewCell.swift; sourceTree = "<group>"; };
		295F90422B20CBF000F28446 /* AllQuizTableViewCell.xib */ = {isa = PBXFileReference; lastKnownFileType = file.xib; path = AllQuizTableViewCell.xib; sourceTree = "<group>"; };
		296A24472B90D440002411D8 /* +UIView.swift */ = {isa = PBXFileReference; lastKnownFileType = sourcecode.swift; path = "+UIView.swift"; sourceTree = "<group>"; };
		296FFA5B2B1CB25400DE1D68 /* AllNoteViewController.swift */ = {isa = PBXFileReference; lastKnownFileType = sourcecode.swift; path = AllNoteViewController.swift; sourceTree = "<group>"; };
		296FFA722B1F136300DE1D68 /* MainTableViewModel.swift */ = {isa = PBXFileReference; lastKnownFileType = sourcecode.swift; path = MainTableViewModel.swift; sourceTree = "<group>"; };
		296FFA742B2014F000DE1D68 /* NoteTableViewCell.swift */ = {isa = PBXFileReference; lastKnownFileType = sourcecode.swift; path = NoteTableViewCell.swift; sourceTree = "<group>"; };
		296FFA752B2014F000DE1D68 /* NoteTableViewCell.xib */ = {isa = PBXFileReference; lastKnownFileType = file.xib; path = NoteTableViewCell.xib; sourceTree = "<group>"; };
		296FFA782B2014FF00DE1D68 /* QuizTableViewCell.swift */ = {isa = PBXFileReference; lastKnownFileType = sourcecode.swift; path = QuizTableViewCell.swift; sourceTree = "<group>"; };
		296FFA792B2014FF00DE1D68 /* QuizTableViewCell.xib */ = {isa = PBXFileReference; lastKnownFileType = file.xib; path = QuizTableViewCell.xib; sourceTree = "<group>"; };
		296FFA7D2B20392100DE1D68 /* NavigationDelegate.swift */ = {isa = PBXFileReference; lastKnownFileType = sourcecode.swift; path = NavigationDelegate.swift; sourceTree = "<group>"; };
		2978599E2BAC18C700A3FA14 /* CreatedNoteViewController.swift */ = {isa = PBXFileReference; lastKnownFileType = sourcecode.swift; path = CreatedNoteViewController.swift; sourceTree = "<group>"; };
		2984A8FB2B0F163C009BDF9F /* MyQuizListCollectionViewCell.swift */ = {isa = PBXFileReference; lastKnownFileType = sourcecode.swift; path = MyQuizListCollectionViewCell.swift; sourceTree = "<group>"; };
		2984A8FC2B0F163C009BDF9F /* MyQuizListCollectionViewCell.xib */ = {isa = PBXFileReference; lastKnownFileType = file.xib; path = MyQuizListCollectionViewCell.xib; sourceTree = "<group>"; };
		29C43B9F2B2B4956003D0E3D /* QuizPageViewController.swift */ = {isa = PBXFileReference; lastKnownFileType = sourcecode.swift; path = QuizPageViewController.swift; sourceTree = "<group>"; };
		29C43BA12B2B49D9003D0E3D /* QuizContentsViewController.swift */ = {isa = PBXFileReference; lastKnownFileType = sourcecode.swift; path = QuizContentsViewController.swift; sourceTree = "<group>"; };
		29E54F512B2151CD00E6E4B9 /* AllNoteTableViewCell.swift */ = {isa = PBXFileReference; lastKnownFileType = sourcecode.swift; path = AllNoteTableViewCell.swift; sourceTree = "<group>"; };
		29E54F522B2151CD00E6E4B9 /* AllNoteTableViewCell.xib */ = {isa = PBXFileReference; lastKnownFileType = file.xib; path = AllNoteTableViewCell.xib; sourceTree = "<group>"; };
		29EFD8832BDA324A0064176A /* UserInfo.swift */ = {isa = PBXFileReference; lastKnownFileType = sourcecode.swift; path = UserInfo.swift; sourceTree = "<group>"; };
		29EFD8852BDA35DA0064176A /* LoginResponse.swift */ = {isa = PBXFileReference; lastKnownFileType = sourcecode.swift; path = LoginResponse.swift; sourceTree = "<group>"; };
		29F237512B26E6C300EEF3DD /* DeveloperInfoCollectionViewCell.swift */ = {isa = PBXFileReference; lastKnownFileType = sourcecode.swift; path = DeveloperInfoCollectionViewCell.swift; sourceTree = "<group>"; };
		29F237522B26E6C300EEF3DD /* DeveloperInfoCollectionViewCell.xib */ = {isa = PBXFileReference; lastKnownFileType = file.xib; path = DeveloperInfoCollectionViewCell.xib; sourceTree = "<group>"; };
		29F817FE2B26F2950002E3C8 /* TitleCollectionViewCell.swift */ = {isa = PBXFileReference; lastKnownFileType = sourcecode.swift; path = TitleCollectionViewCell.swift; sourceTree = "<group>"; };
		29F817FF2B26F2950002E3C8 /* TitleCollectionViewCell.xib */ = {isa = PBXFileReference; lastKnownFileType = file.xib; path = TitleCollectionViewCell.xib; sourceTree = "<group>"; };
		29F818022B26F67D0002E3C8 /* DeveloperInfo.swift */ = {isa = PBXFileReference; lastKnownFileType = sourcecode.swift; path = DeveloperInfo.swift; sourceTree = "<group>"; };
		29F818042B2994530002E3C8 /* NotePageViewController.swift */ = {isa = PBXFileReference; lastKnownFileType = sourcecode.swift; path = NotePageViewController.swift; sourceTree = "<group>"; };
		2C4A468B5C02A5DB6CCDCEE5 /* Pods-SumNote-iOSTests.debug.xcconfig */ = {isa = PBXFileReference; includeInIndex = 1; lastKnownFileType = text.xcconfig; name = "Pods-SumNote-iOSTests.debug.xcconfig"; path = "Target Support Files/Pods-SumNote-iOSTests/Pods-SumNote-iOSTests.debug.xcconfig"; sourceTree = "<group>"; };
		3E8268A925AF864ED6DA63E5 /* Pods-SumNote-iOS-SumNote-iOSUITests.release.xcconfig */ = {isa = PBXFileReference; includeInIndex = 1; lastKnownFileType = text.xcconfig; name = "Pods-SumNote-iOS-SumNote-iOSUITests.release.xcconfig"; path = "Target Support Files/Pods-SumNote-iOS-SumNote-iOSUITests/Pods-SumNote-iOS-SumNote-iOSUITests.release.xcconfig"; sourceTree = "<group>"; };
		85530E1935055CC307638EC9 /* Pods-SumNote-iOSTests.release.xcconfig */ = {isa = PBXFileReference; includeInIndex = 1; lastKnownFileType = text.xcconfig; name = "Pods-SumNote-iOSTests.release.xcconfig"; path = "Target Support Files/Pods-SumNote-iOSTests/Pods-SumNote-iOSTests.release.xcconfig"; sourceTree = "<group>"; };
		ABA17B356FAFB4FAA26769EE /* Pods_SumNote_iOS.framework */ = {isa = PBXFileReference; explicitFileType = wrapper.framework; includeInIndex = 0; path = Pods_SumNote_iOS.framework; sourceTree = BUILT_PRODUCTS_DIR; };
		B084E242D23E9E96F9B0C482 /* Pods-SumNote-iOS.debug.xcconfig */ = {isa = PBXFileReference; includeInIndex = 1; lastKnownFileType = text.xcconfig; name = "Pods-SumNote-iOS.debug.xcconfig"; path = "Target Support Files/Pods-SumNote-iOS/Pods-SumNote-iOS.debug.xcconfig"; sourceTree = "<group>"; };
		B5E1944F96AACA28D292E1D5 /* Pods_SumNote_iOSTests.framework */ = {isa = PBXFileReference; explicitFileType = wrapper.framework; includeInIndex = 0; path = Pods_SumNote_iOSTests.framework; sourceTree = BUILT_PRODUCTS_DIR; };
/* End PBXFileReference section */

/* Begin PBXFrameworksBuildPhase section */
		294349B62B07922100C57B49 /* Frameworks */ = {
			isa = PBXFrameworksBuildPhase;
			buildActionMask = 2147483647;
			files = (
				6B131C677AE5EC50ED3C0C78 /* Pods_SumNote_iOS.framework in Frameworks */,
			);
			runOnlyForDeploymentPostprocessing = 0;
		};
		294349CC2B07922400C57B49 /* Frameworks */ = {
			isa = PBXFrameworksBuildPhase;
			buildActionMask = 2147483647;
			files = (
				E32A8C0C784668696349B96E /* Pods_SumNote_iOSTests.framework in Frameworks */,
			);
			runOnlyForDeploymentPostprocessing = 0;
		};
		294349D62B07922400C57B49 /* Frameworks */ = {
			isa = PBXFrameworksBuildPhase;
			buildActionMask = 2147483647;
			files = (
				1282C838B04E85A5407D6376 /* Pods_SumNote_iOS_SumNote_iOSUITests.framework in Frameworks */,
			);
			runOnlyForDeploymentPostprocessing = 0;
		};
/* End PBXFrameworksBuildPhase section */

/* Begin PBXGroup section */
		294349B02B07922100C57B49 = {
			isa = PBXGroup;
			children = (
				294349BB2B07922100C57B49 /* SumNote-iOS */,
				294349D22B07922400C57B49 /* SumNote-iOSTests */,
				294349DC2B07922400C57B49 /* SumNote-iOSUITests */,
				294349BA2B07922100C57B49 /* Products */,
				4EB631880A728F1362348241 /* Pods */,
				4534B1652D8811D3E0E89F84 /* Frameworks */,
			);
			sourceTree = "<group>";
		};
		294349BA2B07922100C57B49 /* Products */ = {
			isa = PBXGroup;
			children = (
				294349B92B07922100C57B49 /* SumNote-iOS.app */,
				294349CF2B07922400C57B49 /* SumNote-iOSTests.xctest */,
				294349D92B07922400C57B49 /* SumNote-iOSUITests.xctest */,
			);
			name = Products;
			sourceTree = "<group>";
		};
		294349BB2B07922100C57B49 /* SumNote-iOS */ = {
			isa = PBXGroup;
			children = (
				296A24462B90D402002411D8 /* extenstion */,
				296FFA7C2B2038F400DE1D68 /* protocol */,
				296FFA712B1F134E00DE1D68 /* model */,
				2984A8FA2B0F161B009BDF9F /* cell */,
				294349EF2B07945400C57B49 /* view */,
				294349EE2B07943C00C57B49 /* api */,
				294349BC2B07922100C57B49 /* AppDelegate.swift */,
				294349BE2B07922100C57B49 /* SceneDelegate.swift */,
				294349F02B079DDE00C57B49 /* TabBarController.swift */,
				294349C22B07922100C57B49 /* Main.storyboard */,
				294349C72B07922300C57B49 /* LaunchScreen.storyboard */,
				294349C52B07922300C57B49 /* Assets.xcassets */,
				294349CA2B07922300C57B49 /* Info.plist */,
			);
			path = "SumNote-iOS";
			sourceTree = "<group>";
		};
		294349D22B07922400C57B49 /* SumNote-iOSTests */ = {
			isa = PBXGroup;
			children = (
				294349D32B07922400C57B49 /* SumNote_iOSTests.swift */,
			);
			path = "SumNote-iOSTests";
			sourceTree = "<group>";
		};
		294349DC2B07922400C57B49 /* SumNote-iOSUITests */ = {
			isa = PBXGroup;
			children = (
				294349DD2B07922400C57B49 /* SumNote_iOSUITests.swift */,
				294349DF2B07922400C57B49 /* SumNote_iOSUITestsLaunchTests.swift */,
			);
			path = "SumNote-iOSUITests";
			sourceTree = "<group>";
		};
		294349EE2B07943C00C57B49 /* api */ = {
			isa = PBXGroup;
			children = (
				29EFD8822BDA322F0064176A /* dto */,
				294349EC2B0792DF00C57B49 /* KaKaoAPI.swift */,
				293E0C662B3F11D800032033 /* DjangoAPI.swift */,
				293E0C682B3F131300032033 /* SpringAPI.swift */,
			);
			path = api;
			sourceTree = "<group>";
		};
		294349EF2B07945400C57B49 /* view */ = {
			isa = PBXGroup;
			children = (
				294349C02B07922100C57B49 /* LoginViewController.swift */,
				294349F22B079EEF00C57B49 /* MyNoteViewController.swift */,
				294349F42B079F2E00C57B49 /* NoteMakerViewController.swift */,
				294349F62B079F3700C57B49 /* UserInfoViewController.swift */,
				296FFA5B2B1CB25400DE1D68 /* AllNoteViewController.swift */,
				295F903F2B20CAFF00F28446 /* AllQuizViewController.swift */,
				29F818042B2994530002E3C8 /* NotePageViewController.swift */,
				29C43B9F2B2B4956003D0E3D /* QuizPageViewController.swift */,
				29C43BA12B2B49D9003D0E3D /* QuizContentsViewController.swift */,
				29237D712B2D62C900BE751D /* QuizViewController.swift */,
				29237D752B2DDF9D00BE751D /* NoteViewController.swift */,
				29237D772B2DE11700BE751D /* NoteContentsViewController.swift */,
				2978599E2BAC18C700A3FA14 /* CreatedNoteViewController.swift */,
			);
			path = view;
			sourceTree = "<group>";
		};
		296A24462B90D402002411D8 /* extenstion */ = {
			isa = PBXGroup;
			children = (
				296A24472B90D440002411D8 /* +UIView.swift */,
			);
			path = extenstion;
			sourceTree = "<group>";
		};
		296FFA712B1F134E00DE1D68 /* model */ = {
			isa = PBXGroup;
			children = (
				296FFA722B1F136300DE1D68 /* MainTableViewModel.swift */,
				29F818022B26F67D0002E3C8 /* DeveloperInfo.swift */,
			);
			path = model;
			sourceTree = "<group>";
		};
		296FFA7C2B2038F400DE1D68 /* protocol */ = {
			isa = PBXGroup;
			children = (
				296FFA7D2B20392100DE1D68 /* NavigationDelegate.swift */,
				29237D732B2D711100BE751D /* QuizViewDelegate.swift */,
			);
			path = protocol;
			sourceTree = "<group>";
		};
		2984A8FA2B0F161B009BDF9F /* cell */ = {
			isa = PBXGroup;
			children = (
				294349F82B07AD3E00C57B49 /* MyNoteListCollectionViewCell.swift */,
				294349F92B07AD3E00C57B49 /* MyNoteListCollectionViewCell.xib */,
				2984A8FB2B0F163C009BDF9F /* MyQuizListCollectionViewCell.swift */,
				2984A8FC2B0F163C009BDF9F /* MyQuizListCollectionViewCell.xib */,
				296FFA742B2014F000DE1D68 /* NoteTableViewCell.swift */,
				296FFA752B2014F000DE1D68 /* NoteTableViewCell.xib */,
				296FFA782B2014FF00DE1D68 /* QuizTableViewCell.swift */,
				296FFA792B2014FF00DE1D68 /* QuizTableViewCell.xib */,
				295F90412B20CBF000F28446 /* AllQuizTableViewCell.swift */,
				295F90422B20CBF000F28446 /* AllQuizTableViewCell.xib */,
				29E54F512B2151CD00E6E4B9 /* AllNoteTableViewCell.swift */,
				29E54F522B2151CD00E6E4B9 /* AllNoteTableViewCell.xib */,
				29F237512B26E6C300EEF3DD /* DeveloperInfoCollectionViewCell.swift */,
				29F237522B26E6C300EEF3DD /* DeveloperInfoCollectionViewCell.xib */,
				29F817FE2B26F2950002E3C8 /* TitleCollectionViewCell.swift */,
				29F817FF2B26F2950002E3C8 /* TitleCollectionViewCell.xib */,
			);
			path = cell;
			sourceTree = "<group>";
		};
		29EFD8822BDA322F0064176A /* dto */ = {
			isa = PBXGroup;
			children = (
				29EFD8832BDA324A0064176A /* UserInfo.swift */,
				29EFD8852BDA35DA0064176A /* LoginResponse.swift */,
			);
			path = dto;
			sourceTree = "<group>";
		};
		4534B1652D8811D3E0E89F84 /* Frameworks */ = {
			isa = PBXGroup;
			children = (
				ABA17B356FAFB4FAA26769EE /* Pods_SumNote_iOS.framework */,
				1DAFEA5A35CEBEC1B324ECFC /* Pods_SumNote_iOS_SumNote_iOSUITests.framework */,
				B5E1944F96AACA28D292E1D5 /* Pods_SumNote_iOSTests.framework */,
			);
			name = Frameworks;
			sourceTree = "<group>";
		};
		4EB631880A728F1362348241 /* Pods */ = {
			isa = PBXGroup;
			children = (
				B084E242D23E9E96F9B0C482 /* Pods-SumNote-iOS.debug.xcconfig */,
				0B7AA69BC57E5F60F94A9030 /* Pods-SumNote-iOS.release.xcconfig */,
				2069261481E287F72556C29C /* Pods-SumNote-iOS-SumNote-iOSUITests.debug.xcconfig */,
				3E8268A925AF864ED6DA63E5 /* Pods-SumNote-iOS-SumNote-iOSUITests.release.xcconfig */,
				2C4A468B5C02A5DB6CCDCEE5 /* Pods-SumNote-iOSTests.debug.xcconfig */,
				85530E1935055CC307638EC9 /* Pods-SumNote-iOSTests.release.xcconfig */,
			);
			path = Pods;
			sourceTree = "<group>";
		};
/* End PBXGroup section */

/* Begin PBXNativeTarget section */
		294349B82B07922100C57B49 /* SumNote-iOS */ = {
			isa = PBXNativeTarget;
			buildConfigurationList = 294349E32B07922400C57B49 /* Build configuration list for PBXNativeTarget "SumNote-iOS" */;
			buildPhases = (
				FEB05DB0BC6A496C9F4CF221 /* [CP] Check Pods Manifest.lock */,
				294349B52B07922100C57B49 /* Sources */,
				294349B62B07922100C57B49 /* Frameworks */,
				294349B72B07922100C57B49 /* Resources */,
				84B366ECC3AC662DC45A9FA6 /* [CP] Embed Pods Frameworks */,
			);
			buildRules = (
			);
			dependencies = (
			);
			name = "SumNote-iOS";
			productName = "SumNote-iOS";
			productReference = 294349B92B07922100C57B49 /* SumNote-iOS.app */;
			productType = "com.apple.product-type.application";
		};
		294349CE2B07922400C57B49 /* SumNote-iOSTests */ = {
			isa = PBXNativeTarget;
			buildConfigurationList = 294349E62B07922400C57B49 /* Build configuration list for PBXNativeTarget "SumNote-iOSTests" */;
			buildPhases = (
				E8BFB826F3B0E8E7EC9403C6 /* [CP] Check Pods Manifest.lock */,
				294349CB2B07922400C57B49 /* Sources */,
				294349CC2B07922400C57B49 /* Frameworks */,
				294349CD2B07922400C57B49 /* Resources */,
			);
			buildRules = (
			);
			dependencies = (
				294349D12B07922400C57B49 /* PBXTargetDependency */,
			);
			name = "SumNote-iOSTests";
			productName = "SumNote-iOSTests";
			productReference = 294349CF2B07922400C57B49 /* SumNote-iOSTests.xctest */;
			productType = "com.apple.product-type.bundle.unit-test";
		};
		294349D82B07922400C57B49 /* SumNote-iOSUITests */ = {
			isa = PBXNativeTarget;
			buildConfigurationList = 294349E92B07922400C57B49 /* Build configuration list for PBXNativeTarget "SumNote-iOSUITests" */;
			buildPhases = (
				3692FD91D597695AEE1CAB37 /* [CP] Check Pods Manifest.lock */,
				294349D52B07922400C57B49 /* Sources */,
				294349D62B07922400C57B49 /* Frameworks */,
				294349D72B07922400C57B49 /* Resources */,
				B26B96C2033107AD9705FA41 /* [CP] Embed Pods Frameworks */,
			);
			buildRules = (
			);
			dependencies = (
				294349DB2B07922400C57B49 /* PBXTargetDependency */,
			);
			name = "SumNote-iOSUITests";
			productName = "SumNote-iOSUITests";
			productReference = 294349D92B07922400C57B49 /* SumNote-iOSUITests.xctest */;
			productType = "com.apple.product-type.bundle.ui-testing";
		};
/* End PBXNativeTarget section */

/* Begin PBXProject section */
		294349B12B07922100C57B49 /* Project object */ = {
			isa = PBXProject;
			attributes = {
				BuildIndependentTargetsInParallel = 1;
				LastSwiftUpdateCheck = 1420;
				LastUpgradeCheck = 1420;
				TargetAttributes = {
					294349B82B07922100C57B49 = {
						CreatedOnToolsVersion = 14.2;
					};
					294349CE2B07922400C57B49 = {
						CreatedOnToolsVersion = 14.2;
						TestTargetID = 294349B82B07922100C57B49;
					};
					294349D82B07922400C57B49 = {
						CreatedOnToolsVersion = 14.2;
						TestTargetID = 294349B82B07922100C57B49;
					};
				};
			};
			buildConfigurationList = 294349B42B07922100C57B49 /* Build configuration list for PBXProject "SumNote-iOS" */;
			compatibilityVersion = "Xcode 14.0";
			developmentRegion = en;
			hasScannedForEncodings = 0;
			knownRegions = (
				en,
				Base,
			);
			mainGroup = 294349B02B07922100C57B49;
			productRefGroup = 294349BA2B07922100C57B49 /* Products */;
			projectDirPath = "";
			projectRoot = "";
			targets = (
				294349B82B07922100C57B49 /* SumNote-iOS */,
				294349CE2B07922400C57B49 /* SumNote-iOSTests */,
				294349D82B07922400C57B49 /* SumNote-iOSUITests */,
			);
		};
/* End PBXProject section */

/* Begin PBXResourcesBuildPhase section */
		294349B72B07922100C57B49 /* Resources */ = {
			isa = PBXResourcesBuildPhase;
			buildActionMask = 2147483647;
			files = (
				294349FB2B07AD3E00C57B49 /* MyNoteListCollectionViewCell.xib in Resources */,
				29F818012B26F2950002E3C8 /* TitleCollectionViewCell.xib in Resources */,
				2984A8FE2B0F163C009BDF9F /* MyQuizListCollectionViewCell.xib in Resources */,
				294349C92B07922300C57B49 /* LaunchScreen.storyboard in Resources */,
				294349C62B07922300C57B49 /* Assets.xcassets in Resources */,
				296FFA772B2014F000DE1D68 /* NoteTableViewCell.xib in Resources */,
				29F237542B26E6C300EEF3DD /* DeveloperInfoCollectionViewCell.xib in Resources */,
				296FFA7B2B2014FF00DE1D68 /* QuizTableViewCell.xib in Resources */,
				295F90442B20CBF000F28446 /* AllQuizTableViewCell.xib in Resources */,
				294349C42B07922100C57B49 /* Main.storyboard in Resources */,
				29E54F542B2151CD00E6E4B9 /* AllNoteTableViewCell.xib in Resources */,
			);
			runOnlyForDeploymentPostprocessing = 0;
		};
		294349CD2B07922400C57B49 /* Resources */ = {
			isa = PBXResourcesBuildPhase;
			buildActionMask = 2147483647;
			files = (
			);
			runOnlyForDeploymentPostprocessing = 0;
		};
		294349D72B07922400C57B49 /* Resources */ = {
			isa = PBXResourcesBuildPhase;
			buildActionMask = 2147483647;
			files = (
			);
			runOnlyForDeploymentPostprocessing = 0;
		};
/* End PBXResourcesBuildPhase section */

/* Begin PBXShellScriptBuildPhase section */
		3692FD91D597695AEE1CAB37 /* [CP] Check Pods Manifest.lock */ = {
			isa = PBXShellScriptBuildPhase;
			buildActionMask = 2147483647;
			files = (
			);
			inputFileListPaths = (
			);
			inputPaths = (
				"${PODS_PODFILE_DIR_PATH}/Podfile.lock",
				"${PODS_ROOT}/Manifest.lock",
			);
			name = "[CP] Check Pods Manifest.lock";
			outputFileListPaths = (
			);
			outputPaths = (
				"$(DERIVED_FILE_DIR)/Pods-SumNote-iOS-SumNote-iOSUITests-checkManifestLockResult.txt",
			);
			runOnlyForDeploymentPostprocessing = 0;
			shellPath = /bin/sh;
			shellScript = "diff \"${PODS_PODFILE_DIR_PATH}/Podfile.lock\" \"${PODS_ROOT}/Manifest.lock\" > /dev/null\nif [ $? != 0 ] ; then\n    # print error to STDERR\n    echo \"error: The sandbox is not in sync with the Podfile.lock. Run 'pod install' or update your CocoaPods installation.\" >&2\n    exit 1\nfi\n# This output is used by Xcode 'outputs' to avoid re-running this script phase.\necho \"SUCCESS\" > \"${SCRIPT_OUTPUT_FILE_0}\"\n";
			showEnvVarsInLog = 0;
		};
		84B366ECC3AC662DC45A9FA6 /* [CP] Embed Pods Frameworks */ = {
			isa = PBXShellScriptBuildPhase;
			buildActionMask = 2147483647;
			files = (
			);
			inputFileListPaths = (
				"${PODS_ROOT}/Target Support Files/Pods-SumNote-iOS/Pods-SumNote-iOS-frameworks-${CONFIGURATION}-input-files.xcfilelist",
			);
			name = "[CP] Embed Pods Frameworks";
			outputFileListPaths = (
				"${PODS_ROOT}/Target Support Files/Pods-SumNote-iOS/Pods-SumNote-iOS-frameworks-${CONFIGURATION}-output-files.xcfilelist",
			);
			runOnlyForDeploymentPostprocessing = 0;
			shellPath = /bin/sh;
			shellScript = "\"${PODS_ROOT}/Target Support Files/Pods-SumNote-iOS/Pods-SumNote-iOS-frameworks.sh\"\n";
			showEnvVarsInLog = 0;
		};
		B26B96C2033107AD9705FA41 /* [CP] Embed Pods Frameworks */ = {
			isa = PBXShellScriptBuildPhase;
			buildActionMask = 2147483647;
			files = (
			);
			inputFileListPaths = (
				"${PODS_ROOT}/Target Support Files/Pods-SumNote-iOS-SumNote-iOSUITests/Pods-SumNote-iOS-SumNote-iOSUITests-frameworks-${CONFIGURATION}-input-files.xcfilelist",
			);
			name = "[CP] Embed Pods Frameworks";
			outputFileListPaths = (
				"${PODS_ROOT}/Target Support Files/Pods-SumNote-iOS-SumNote-iOSUITests/Pods-SumNote-iOS-SumNote-iOSUITests-frameworks-${CONFIGURATION}-output-files.xcfilelist",
			);
			runOnlyForDeploymentPostprocessing = 0;
			shellPath = /bin/sh;
			shellScript = "\"${PODS_ROOT}/Target Support Files/Pods-SumNote-iOS-SumNote-iOSUITests/Pods-SumNote-iOS-SumNote-iOSUITests-frameworks.sh\"\n";
			showEnvVarsInLog = 0;
		};
		E8BFB826F3B0E8E7EC9403C6 /* [CP] Check Pods Manifest.lock */ = {
			isa = PBXShellScriptBuildPhase;
			buildActionMask = 2147483647;
			files = (
			);
			inputFileListPaths = (
			);
			inputPaths = (
				"${PODS_PODFILE_DIR_PATH}/Podfile.lock",
				"${PODS_ROOT}/Manifest.lock",
			);
			name = "[CP] Check Pods Manifest.lock";
			outputFileListPaths = (
			);
			outputPaths = (
				"$(DERIVED_FILE_DIR)/Pods-SumNote-iOSTests-checkManifestLockResult.txt",
			);
			runOnlyForDeploymentPostprocessing = 0;
			shellPath = /bin/sh;
			shellScript = "diff \"${PODS_PODFILE_DIR_PATH}/Podfile.lock\" \"${PODS_ROOT}/Manifest.lock\" > /dev/null\nif [ $? != 0 ] ; then\n    # print error to STDERR\n    echo \"error: The sandbox is not in sync with the Podfile.lock. Run 'pod install' or update your CocoaPods installation.\" >&2\n    exit 1\nfi\n# This output is used by Xcode 'outputs' to avoid re-running this script phase.\necho \"SUCCESS\" > \"${SCRIPT_OUTPUT_FILE_0}\"\n";
			showEnvVarsInLog = 0;
		};
		FEB05DB0BC6A496C9F4CF221 /* [CP] Check Pods Manifest.lock */ = {
			isa = PBXShellScriptBuildPhase;
			buildActionMask = 2147483647;
			files = (
			);
			inputFileListPaths = (
			);
			inputPaths = (
				"${PODS_PODFILE_DIR_PATH}/Podfile.lock",
				"${PODS_ROOT}/Manifest.lock",
			);
			name = "[CP] Check Pods Manifest.lock";
			outputFileListPaths = (
			);
			outputPaths = (
				"$(DERIVED_FILE_DIR)/Pods-SumNote-iOS-checkManifestLockResult.txt",
			);
			runOnlyForDeploymentPostprocessing = 0;
			shellPath = /bin/sh;
			shellScript = "diff \"${PODS_PODFILE_DIR_PATH}/Podfile.lock\" \"${PODS_ROOT}/Manifest.lock\" > /dev/null\nif [ $? != 0 ] ; then\n    # print error to STDERR\n    echo \"error: The sandbox is not in sync with the Podfile.lock. Run 'pod install' or update your CocoaPods installation.\" >&2\n    exit 1\nfi\n# This output is used by Xcode 'outputs' to avoid re-running this script phase.\necho \"SUCCESS\" > \"${SCRIPT_OUTPUT_FILE_0}\"\n";
			showEnvVarsInLog = 0;
		};
/* End PBXShellScriptBuildPhase section */

/* Begin PBXSourcesBuildPhase section */
		294349B52B07922100C57B49 /* Sources */ = {
			isa = PBXSourcesBuildPhase;
			buildActionMask = 2147483647;
			files = (
				29237D762B2DDF9D00BE751D /* NoteViewController.swift in Sources */,
				294349F52B079F2E00C57B49 /* NoteMakerViewController.swift in Sources */,
				29F818032B26F67D0002E3C8 /* DeveloperInfo.swift in Sources */,
				2984A8FD2B0F163C009BDF9F /* MyQuizListCollectionViewCell.swift in Sources */,
				29F237532B26E6C300EEF3DD /* DeveloperInfoCollectionViewCell.swift in Sources */,
				296FFA732B1F136300DE1D68 /* MainTableViewModel.swift in Sources */,
				296FFA7A2B2014FF00DE1D68 /* QuizTableViewCell.swift in Sources */,
				2978599F2BAC18C700A3FA14 /* CreatedNoteViewController.swift in Sources */,
				294349F72B079F3700C57B49 /* UserInfoViewController.swift in Sources */,
				295F90402B20CAFF00F28446 /* AllQuizViewController.swift in Sources */,
				293E0C692B3F131300032033 /* SpringAPI.swift in Sources */,
				294349F32B079EEF00C57B49 /* MyNoteViewController.swift in Sources */,
				29F818052B2994530002E3C8 /* NotePageViewController.swift in Sources */,
				29C43BA22B2B49D9003D0E3D /* QuizContentsViewController.swift in Sources */,
				294349C12B07922100C57B49 /* LoginViewController.swift in Sources */,
				296FFA7E2B20392100DE1D68 /* NavigationDelegate.swift in Sources */,
				296A24482B90D440002411D8 /* +UIView.swift in Sources */,
				29C43BA02B2B4956003D0E3D /* QuizPageViewController.swift in Sources */,
				294349BD2B07922100C57B49 /* AppDelegate.swift in Sources */,
				29237D782B2DE11700BE751D /* NoteContentsViewController.swift in Sources */,
				294349FA2B07AD3E00C57B49 /* MyNoteListCollectionViewCell.swift in Sources */,
				294349ED2B0792DF00C57B49 /* KaKaoAPI.swift in Sources */,
				296FFA762B2014F000DE1D68 /* NoteTableViewCell.swift in Sources */,
				294349F12B079DDE00C57B49 /* TabBarController.swift in Sources */,
				296FFA5C2B1CB25400DE1D68 /* AllNoteViewController.swift in Sources */,
				29E54F532B2151CD00E6E4B9 /* AllNoteTableViewCell.swift in Sources */,
				29237D722B2D62C900BE751D /* QuizViewController.swift in Sources */,
				29F818002B26F2950002E3C8 /* TitleCollectionViewCell.swift in Sources */,
				29237D742B2D711100BE751D /* QuizViewDelegate.swift in Sources */,
				294349BF2B07922100C57B49 /* SceneDelegate.swift in Sources */,
				293E0C672B3F11D800032033 /* DjangoAPI.swift in Sources */,
				295F90432B20CBF000F28446 /* AllQuizTableViewCell.swift in Sources */,
				29EFD8862BDA35DA0064176A /* LoginResponse.swift in Sources */,
				29EFD8842BDA324A0064176A /* UserInfo.swift in Sources */,
			);
			runOnlyForDeploymentPostprocessing = 0;
		};
		294349CB2B07922400C57B49 /* Sources */ = {
			isa = PBXSourcesBuildPhase;
			buildActionMask = 2147483647;
			files = (
				294349D42B07922400C57B49 /* SumNote_iOSTests.swift in Sources */,
			);
			runOnlyForDeploymentPostprocessing = 0;
		};
		294349D52B07922400C57B49 /* Sources */ = {
			isa = PBXSourcesBuildPhase;
			buildActionMask = 2147483647;
			files = (
				294349E02B07922400C57B49 /* SumNote_iOSUITestsLaunchTests.swift in Sources */,
				294349DE2B07922400C57B49 /* SumNote_iOSUITests.swift in Sources */,
			);
			runOnlyForDeploymentPostprocessing = 0;
		};
/* End PBXSourcesBuildPhase section */

/* Begin PBXTargetDependency section */
		294349D12B07922400C57B49 /* PBXTargetDependency */ = {
			isa = PBXTargetDependency;
			target = 294349B82B07922100C57B49 /* SumNote-iOS */;
			targetProxy = 294349D02B07922400C57B49 /* PBXContainerItemProxy */;
		};
		294349DB2B07922400C57B49 /* PBXTargetDependency */ = {
			isa = PBXTargetDependency;
			target = 294349B82B07922100C57B49 /* SumNote-iOS */;
			targetProxy = 294349DA2B07922400C57B49 /* PBXContainerItemProxy */;
		};
/* End PBXTargetDependency section */

/* Begin PBXVariantGroup section */
		294349C22B07922100C57B49 /* Main.storyboard */ = {
			isa = PBXVariantGroup;
			children = (
				294349C32B07922100C57B49 /* Base */,
			);
			name = Main.storyboard;
			sourceTree = "<group>";
		};
		294349C72B07922300C57B49 /* LaunchScreen.storyboard */ = {
			isa = PBXVariantGroup;
			children = (
				294349C82B07922300C57B49 /* Base */,
			);
			name = LaunchScreen.storyboard;
			sourceTree = "<group>";
		};
/* End PBXVariantGroup section */

/* Begin XCBuildConfiguration section */
		294349E12B07922400C57B49 /* Debug */ = {
			isa = XCBuildConfiguration;
			buildSettings = {
				ALWAYS_SEARCH_USER_PATHS = NO;
				CLANG_ANALYZER_NONNULL = YES;
				CLANG_ANALYZER_NUMBER_OBJECT_CONVERSION = YES_AGGRESSIVE;
				CLANG_CXX_LANGUAGE_STANDARD = "gnu++20";
				CLANG_ENABLE_MODULES = YES;
				CLANG_ENABLE_OBJC_ARC = YES;
				CLANG_ENABLE_OBJC_WEAK = YES;
				CLANG_WARN_BLOCK_CAPTURE_AUTORELEASING = YES;
				CLANG_WARN_BOOL_CONVERSION = YES;
				CLANG_WARN_COMMA = YES;
				CLANG_WARN_CONSTANT_CONVERSION = YES;
				CLANG_WARN_DEPRECATED_OBJC_IMPLEMENTATIONS = YES;
				CLANG_WARN_DIRECT_OBJC_ISA_USAGE = YES_ERROR;
				CLANG_WARN_DOCUMENTATION_COMMENTS = YES;
				CLANG_WARN_EMPTY_BODY = YES;
				CLANG_WARN_ENUM_CONVERSION = YES;
				CLANG_WARN_INFINITE_RECURSION = YES;
				CLANG_WARN_INT_CONVERSION = YES;
				CLANG_WARN_NON_LITERAL_NULL_CONVERSION = YES;
				CLANG_WARN_OBJC_IMPLICIT_RETAIN_SELF = YES;
				CLANG_WARN_OBJC_LITERAL_CONVERSION = YES;
				CLANG_WARN_OBJC_ROOT_CLASS = YES_ERROR;
				CLANG_WARN_QUOTED_INCLUDE_IN_FRAMEWORK_HEADER = YES;
				CLANG_WARN_RANGE_LOOP_ANALYSIS = YES;
				CLANG_WARN_STRICT_PROTOTYPES = YES;
				CLANG_WARN_SUSPICIOUS_MOVE = YES;
				CLANG_WARN_UNGUARDED_AVAILABILITY = YES_AGGRESSIVE;
				CLANG_WARN_UNREACHABLE_CODE = YES;
				CLANG_WARN__DUPLICATE_METHOD_MATCH = YES;
				COPY_PHASE_STRIP = NO;
				DEBUG_INFORMATION_FORMAT = dwarf;
				ENABLE_STRICT_OBJC_MSGSEND = YES;
				ENABLE_TESTABILITY = YES;
				GCC_C_LANGUAGE_STANDARD = gnu11;
				GCC_DYNAMIC_NO_PIC = NO;
				GCC_NO_COMMON_BLOCKS = YES;
				GCC_OPTIMIZATION_LEVEL = 0;
				GCC_PREPROCESSOR_DEFINITIONS = (
					"DEBUG=1",
					"$(inherited)",
				);
				GCC_WARN_64_TO_32_BIT_CONVERSION = YES;
				GCC_WARN_ABOUT_RETURN_TYPE = YES_ERROR;
				GCC_WARN_UNDECLARED_SELECTOR = YES;
				GCC_WARN_UNINITIALIZED_AUTOS = YES_AGGRESSIVE;
				GCC_WARN_UNUSED_FUNCTION = YES;
				GCC_WARN_UNUSED_VARIABLE = YES;
				IPHONEOS_DEPLOYMENT_TARGET = 16.2;
				MTL_ENABLE_DEBUG_INFO = INCLUDE_SOURCE;
				MTL_FAST_MATH = YES;
				ONLY_ACTIVE_ARCH = YES;
				SDKROOT = iphoneos;
				SWIFT_ACTIVE_COMPILATION_CONDITIONS = DEBUG;
				SWIFT_OPTIMIZATION_LEVEL = "-Onone";
			};
			name = Debug;
		};
		294349E22B07922400C57B49 /* Release */ = {
			isa = XCBuildConfiguration;
			buildSettings = {
				ALWAYS_SEARCH_USER_PATHS = NO;
				CLANG_ANALYZER_NONNULL = YES;
				CLANG_ANALYZER_NUMBER_OBJECT_CONVERSION = YES_AGGRESSIVE;
				CLANG_CXX_LANGUAGE_STANDARD = "gnu++20";
				CLANG_ENABLE_MODULES = YES;
				CLANG_ENABLE_OBJC_ARC = YES;
				CLANG_ENABLE_OBJC_WEAK = YES;
				CLANG_WARN_BLOCK_CAPTURE_AUTORELEASING = YES;
				CLANG_WARN_BOOL_CONVERSION = YES;
				CLANG_WARN_COMMA = YES;
				CLANG_WARN_CONSTANT_CONVERSION = YES;
				CLANG_WARN_DEPRECATED_OBJC_IMPLEMENTATIONS = YES;
				CLANG_WARN_DIRECT_OBJC_ISA_USAGE = YES_ERROR;
				CLANG_WARN_DOCUMENTATION_COMMENTS = YES;
				CLANG_WARN_EMPTY_BODY = YES;
				CLANG_WARN_ENUM_CONVERSION = YES;
				CLANG_WARN_INFINITE_RECURSION = YES;
				CLANG_WARN_INT_CONVERSION = YES;
				CLANG_WARN_NON_LITERAL_NULL_CONVERSION = YES;
				CLANG_WARN_OBJC_IMPLICIT_RETAIN_SELF = YES;
				CLANG_WARN_OBJC_LITERAL_CONVERSION = YES;
				CLANG_WARN_OBJC_ROOT_CLASS = YES_ERROR;
				CLANG_WARN_QUOTED_INCLUDE_IN_FRAMEWORK_HEADER = YES;
				CLANG_WARN_RANGE_LOOP_ANALYSIS = YES;
				CLANG_WARN_STRICT_PROTOTYPES = YES;
				CLANG_WARN_SUSPICIOUS_MOVE = YES;
				CLANG_WARN_UNGUARDED_AVAILABILITY = YES_AGGRESSIVE;
				CLANG_WARN_UNREACHABLE_CODE = YES;
				CLANG_WARN__DUPLICATE_METHOD_MATCH = YES;
				COPY_PHASE_STRIP = NO;
				DEBUG_INFORMATION_FORMAT = "dwarf-with-dsym";
				ENABLE_NS_ASSERTIONS = NO;
				ENABLE_STRICT_OBJC_MSGSEND = YES;
				GCC_C_LANGUAGE_STANDARD = gnu11;
				GCC_NO_COMMON_BLOCKS = YES;
				GCC_WARN_64_TO_32_BIT_CONVERSION = YES;
				GCC_WARN_ABOUT_RETURN_TYPE = YES_ERROR;
				GCC_WARN_UNDECLARED_SELECTOR = YES;
				GCC_WARN_UNINITIALIZED_AUTOS = YES_AGGRESSIVE;
				GCC_WARN_UNUSED_FUNCTION = YES;
				GCC_WARN_UNUSED_VARIABLE = YES;
				IPHONEOS_DEPLOYMENT_TARGET = 16.2;
				MTL_ENABLE_DEBUG_INFO = NO;
				MTL_FAST_MATH = YES;
				SDKROOT = iphoneos;
				SWIFT_COMPILATION_MODE = wholemodule;
				SWIFT_OPTIMIZATION_LEVEL = "-O";
				VALIDATE_PRODUCT = YES;
			};
			name = Release;
		};
		294349E42B07922400C57B49 /* Debug */ = {
			isa = XCBuildConfiguration;
			baseConfigurationReference = B084E242D23E9E96F9B0C482 /* Pods-SumNote-iOS.debug.xcconfig */;
			buildSettings = {
				ASSETCATALOG_COMPILER_APPICON_NAME = AppIcon;
				ASSETCATALOG_COMPILER_GLOBAL_ACCENT_COLOR_NAME = AccentColor;
				CODE_SIGN_STYLE = Automatic;
				CURRENT_PROJECT_VERSION = 1;
				DEVELOPMENT_TEAM = 5JFDFGPT2B;
				GENERATE_INFOPLIST_FILE = YES;
				INFOPLIST_FILE = "SumNote-iOS/Info.plist";
				INFOPLIST_KEY_UIApplicationSupportsIndirectInputEvents = YES;
				INFOPLIST_KEY_UILaunchStoryboardName = LaunchScreen;
				INFOPLIST_KEY_UIMainStoryboardFile = Main;
				INFOPLIST_KEY_UISupportedInterfaceOrientations_iPad = "UIInterfaceOrientationPortrait UIInterfaceOrientationPortraitUpsideDown UIInterfaceOrientationLandscapeLeft UIInterfaceOrientationLandscapeRight";
				INFOPLIST_KEY_UISupportedInterfaceOrientations_iPhone = "UIInterfaceOrientationPortrait UIInterfaceOrientationLandscapeLeft UIInterfaceOrientationLandscapeRight";
				LD_RUNPATH_SEARCH_PATHS = (
					"$(inherited)",
					"@executable_path/Frameworks",
				);
				MARKETING_VERSION = 1.0;
				PRODUCT_BUNDLE_IDENTIFIER = "SumNote.SumNote-iOS";
				PRODUCT_NAME = "$(TARGET_NAME)";
				SWIFT_EMIT_LOC_STRINGS = YES;
				SWIFT_VERSION = 5.0;
				TARGETED_DEVICE_FAMILY = "1,2";
			};
			name = Debug;
		};
		294349E52B07922400C57B49 /* Release */ = {
			isa = XCBuildConfiguration;
			baseConfigurationReference = 0B7AA69BC57E5F60F94A9030 /* Pods-SumNote-iOS.release.xcconfig */;
			buildSettings = {
				ASSETCATALOG_COMPILER_APPICON_NAME = AppIcon;
				ASSETCATALOG_COMPILER_GLOBAL_ACCENT_COLOR_NAME = AccentColor;
				CODE_SIGN_STYLE = Automatic;
				CURRENT_PROJECT_VERSION = 1;
				DEVELOPMENT_TEAM = 5JFDFGPT2B;
				GENERATE_INFOPLIST_FILE = YES;
				INFOPLIST_FILE = "SumNote-iOS/Info.plist";
				INFOPLIST_KEY_UIApplicationSupportsIndirectInputEvents = YES;
				INFOPLIST_KEY_UILaunchStoryboardName = LaunchScreen;
				INFOPLIST_KEY_UIMainStoryboardFile = Main;
				INFOPLIST_KEY_UISupportedInterfaceOrientations_iPad = "UIInterfaceOrientationPortrait UIInterfaceOrientationPortraitUpsideDown UIInterfaceOrientationLandscapeLeft UIInterfaceOrientationLandscapeRight";
				INFOPLIST_KEY_UISupportedInterfaceOrientations_iPhone = "UIInterfaceOrientationPortrait UIInterfaceOrientationLandscapeLeft UIInterfaceOrientationLandscapeRight";
				LD_RUNPATH_SEARCH_PATHS = (
					"$(inherited)",
					"@executable_path/Frameworks",
				);
				MARKETING_VERSION = 1.0;
				PRODUCT_BUNDLE_IDENTIFIER = "SumNote.SumNote-iOS";
				PRODUCT_NAME = "$(TARGET_NAME)";
				SWIFT_EMIT_LOC_STRINGS = YES;
				SWIFT_VERSION = 5.0;
				TARGETED_DEVICE_FAMILY = "1,2";
			};
			name = Release;
		};
		294349E72B07922400C57B49 /* Debug */ = {
			isa = XCBuildConfiguration;
			baseConfigurationReference = 2C4A468B5C02A5DB6CCDCEE5 /* Pods-SumNote-iOSTests.debug.xcconfig */;
			buildSettings = {
				ALWAYS_EMBED_SWIFT_STANDARD_LIBRARIES = YES;
				BUNDLE_LOADER = "$(TEST_HOST)";
				CODE_SIGN_STYLE = Automatic;
				CURRENT_PROJECT_VERSION = 1;
				DEVELOPMENT_TEAM = 5JFDFGPT2B;
				GENERATE_INFOPLIST_FILE = YES;
				IPHONEOS_DEPLOYMENT_TARGET = 16.2;
				MARKETING_VERSION = 1.0;
				PRODUCT_BUNDLE_IDENTIFIER = "SumNote.SumNote-iOSTests";
				PRODUCT_NAME = "$(TARGET_NAME)";
				SWIFT_EMIT_LOC_STRINGS = NO;
				SWIFT_VERSION = 5.0;
				TARGETED_DEVICE_FAMILY = "1,2";
				TEST_HOST = "$(BUILT_PRODUCTS_DIR)/SumNote-iOS.app/$(BUNDLE_EXECUTABLE_FOLDER_PATH)/SumNote-iOS";
			};
			name = Debug;
		};
		294349E82B07922400C57B49 /* Release */ = {
			isa = XCBuildConfiguration;
			baseConfigurationReference = 85530E1935055CC307638EC9 /* Pods-SumNote-iOSTests.release.xcconfig */;
			buildSettings = {
				ALWAYS_EMBED_SWIFT_STANDARD_LIBRARIES = YES;
				BUNDLE_LOADER = "$(TEST_HOST)";
				CODE_SIGN_STYLE = Automatic;
				CURRENT_PROJECT_VERSION = 1;
				DEVELOPMENT_TEAM = 5JFDFGPT2B;
				GENERATE_INFOPLIST_FILE = YES;
				IPHONEOS_DEPLOYMENT_TARGET = 16.2;
				MARKETING_VERSION = 1.0;
				PRODUCT_BUNDLE_IDENTIFIER = "SumNote.SumNote-iOSTests";
				PRODUCT_NAME = "$(TARGET_NAME)";
				SWIFT_EMIT_LOC_STRINGS = NO;
				SWIFT_VERSION = 5.0;
				TARGETED_DEVICE_FAMILY = "1,2";
				TEST_HOST = "$(BUILT_PRODUCTS_DIR)/SumNote-iOS.app/$(BUNDLE_EXECUTABLE_FOLDER_PATH)/SumNote-iOS";
			};
			name = Release;
		};
		294349EA2B07922400C57B49 /* Debug */ = {
			isa = XCBuildConfiguration;
			baseConfigurationReference = 2069261481E287F72556C29C /* Pods-SumNote-iOS-SumNote-iOSUITests.debug.xcconfig */;
			buildSettings = {
				ALWAYS_EMBED_SWIFT_STANDARD_LIBRARIES = YES;
				CODE_SIGN_STYLE = Automatic;
				CURRENT_PROJECT_VERSION = 1;
				DEVELOPMENT_TEAM = 5JFDFGPT2B;
				GENERATE_INFOPLIST_FILE = YES;
				MARKETING_VERSION = 1.0;
				PRODUCT_BUNDLE_IDENTIFIER = "SumNote.SumNote-iOSUITests";
				PRODUCT_NAME = "$(TARGET_NAME)";
				SWIFT_EMIT_LOC_STRINGS = NO;
				SWIFT_VERSION = 5.0;
				TARGETED_DEVICE_FAMILY = "1,2";
				TEST_TARGET_NAME = "SumNote-iOS";
			};
			name = Debug;
		};
		294349EB2B07922400C57B49 /* Release */ = {
			isa = XCBuildConfiguration;
			baseConfigurationReference = 3E8268A925AF864ED6DA63E5 /* Pods-SumNote-iOS-SumNote-iOSUITests.release.xcconfig */;
			buildSettings = {
				ALWAYS_EMBED_SWIFT_STANDARD_LIBRARIES = YES;
				CODE_SIGN_STYLE = Automatic;
				CURRENT_PROJECT_VERSION = 1;
				DEVELOPMENT_TEAM = 5JFDFGPT2B;
				GENERATE_INFOPLIST_FILE = YES;
				MARKETING_VERSION = 1.0;
				PRODUCT_BUNDLE_IDENTIFIER = "SumNote.SumNote-iOSUITests";
				PRODUCT_NAME = "$(TARGET_NAME)";
				SWIFT_EMIT_LOC_STRINGS = NO;
				SWIFT_VERSION = 5.0;
				TARGETED_DEVICE_FAMILY = "1,2";
				TEST_TARGET_NAME = "SumNote-iOS";
			};
			name = Release;
		};
/* End XCBuildConfiguration section */

/* Begin XCConfigurationList section */
		294349B42B07922100C57B49 /* Build configuration list for PBXProject "SumNote-iOS" */ = {
			isa = XCConfigurationList;
			buildConfigurations = (
				294349E12B07922400C57B49 /* Debug */,
				294349E22B07922400C57B49 /* Release */,
			);
			defaultConfigurationIsVisible = 0;
			defaultConfigurationName = Release;
		};
		294349E32B07922400C57B49 /* Build configuration list for PBXNativeTarget "SumNote-iOS" */ = {
			isa = XCConfigurationList;
			buildConfigurations = (
				294349E42B07922400C57B49 /* Debug */,
				294349E52B07922400C57B49 /* Release */,
			);
			defaultConfigurationIsVisible = 0;
			defaultConfigurationName = Release;
		};
		294349E62B07922400C57B49 /* Build configuration list for PBXNativeTarget "SumNote-iOSTests" */ = {
			isa = XCConfigurationList;
			buildConfigurations = (
				294349E72B07922400C57B49 /* Debug */,
				294349E82B07922400C57B49 /* Release */,
			);
			defaultConfigurationIsVisible = 0;
			defaultConfigurationName = Release;
		};
		294349E92B07922400C57B49 /* Build configuration list for PBXNativeTarget "SumNote-iOSUITests" */ = {
			isa = XCConfigurationList;
			buildConfigurations = (
				294349EA2B07922400C57B49 /* Debug */,
				294349EB2B07922400C57B49 /* Release */,
			);
			defaultConfigurationIsVisible = 0;
			defaultConfigurationName = Release;
		};
/* End XCConfigurationList section */
	};
	rootObject = 294349B12B07922100C57B49 /* Project object */;
}
